// !$*UTF8*$!
{
	archiveVersion = 1;
	classes = {
	};
	objectVersion = 50;
	objects = {

/* Begin PBXBuildFile section */
		7710CEBA25AFE74E00E5D171 /* demoApp.swift in Sources */ = {isa = PBXBuildFile; fileRef = 7710CEB925AFE74E00E5D171 /* demoApp.swift */; };
		7710CEBC25AFE74E00E5D171 /* ContentView.swift in Sources */ = {isa = PBXBuildFile; fileRef = 7710CEBB25AFE74E00E5D171 /* ContentView.swift */; };
		7710CEBE25AFE74F00E5D171 /* Assets.xcassets in Resources */ = {isa = PBXBuildFile; fileRef = 7710CEBD25AFE74F00E5D171 /* Assets.xcassets */; };
		7710CEC125AFE74F00E5D171 /* Preview Assets.xcassets in Resources */ = {isa = PBXBuildFile; fileRef = 7710CEC025AFE74F00E5D171 /* Preview Assets.xcassets */; };
		7710CECC25AFE74F00E5D171 /* demoTests.swift in Sources */ = {isa = PBXBuildFile; fileRef = 7710CECB25AFE74F00E5D171 /* demoTests.swift */; };
		7710CED725AFE74F00E5D171 /* demoUITests.swift in Sources */ = {isa = PBXBuildFile; fileRef = 7710CED625AFE74F00E5D171 /* demoUITests.swift */; };
/* End PBXBuildFile section */

/* Begin PBXContainerItemProxy section */
		7710CEC825AFE74F00E5D171 /* PBXContainerItemProxy */ = {
			isa = PBXContainerItemProxy;
			containerPortal = 7710CEAE25AFE74E00E5D171 /* Project object */;
			proxyType = 1;
			remoteGlobalIDString = 7710CEB525AFE74E00E5D171;
			remoteInfo = demo;
		};
		7710CED325AFE74F00E5D171 /* PBXContainerItemProxy */ = {
			isa = PBXContainerItemProxy;
			containerPortal = 7710CEAE25AFE74E00E5D171 /* Project object */;
			proxyType = 1;
			remoteGlobalIDString = 7710CEB525AFE74E00E5D171;
			remoteInfo = demo;
		};
/* End PBXContainerItemProxy section */

/* Begin PBXFileReference section */
		7710CEB625AFE74E00E5D171 /* demo.app */ = {isa = PBXFileReference; explicitFileType = wrapper.application; includeInIndex = 0; path = demo.app; sourceTree = BUILT_PRODUCTS_DIR; };
		7710CEB925AFE74E00E5D171 /* demoApp.swift */ = {isa = PBXFileReference; lastKnownFileType = sourcecode.swift; path = demoApp.swift; sourceTree = "<group>"; };
		7710CEBB25AFE74E00E5D171 /* ContentView.swift */ = {isa = PBXFileReference; lastKnownFileType = sourcecode.swift; path = ContentView.swift; sourceTree = "<group>"; };
		7710CEBD25AFE74F00E5D171 /* Assets.xcassets */ = {isa = PBXFileReference; lastKnownFileType = folder.assetcatalog; path = Assets.xcassets; sourceTree = "<group>"; };
		7710CEC025AFE74F00E5D171 /* Preview Assets.xcassets */ = {isa = PBXFileReference; lastKnownFileType = folder.assetcatalog; path = "Preview Assets.xcassets"; sourceTree = "<group>"; };
		7710CEC225AFE74F00E5D171 /* Info.plist */ = {isa = PBXFileReference; lastKnownFileType = text.plist.xml; path = Info.plist; sourceTree = "<group>"; };
		7710CEC725AFE74F00E5D171 /* demoTests.xctest */ = {isa = PBXFileReference; explicitFileType = wrapper.cfbundle; includeInIndex = 0; path = demoTests.xctest; sourceTree = BUILT_PRODUCTS_DIR; };
		7710CECB25AFE74F00E5D171 /* demoTests.swift */ = {isa = PBXFileReference; lastKnownFileType = sourcecode.swift; path = demoTests.swift; sourceTree = "<group>"; };
		7710CECD25AFE74F00E5D171 /* Info.plist */ = {isa = PBXFileReference; lastKnownFileType = text.plist.xml; path = Info.plist; sourceTree = "<group>"; };
		7710CED225AFE74F00E5D171 /* demoUITests.xctest */ = {isa = PBXFileReference; explicitFileType = wrapper.cfbundle; includeInIndex = 0; path = demoUITests.xctest; sourceTree = BUILT_PRODUCTS_DIR; };
		7710CED625AFE74F00E5D171 /* demoUITests.swift */ = {isa = PBXFileReference; lastKnownFileType = sourcecode.swift; path = demoUITests.swift; sourceTree = "<group>"; };
		7710CED825AFE74F00E5D171 /* Info.plist */ = {isa = PBXFileReference; lastKnownFileType = text.plist.xml; path = Info.plist; sourceTree = "<group>"; };
/* End PBXFileReference section */

/* Begin PBXFrameworksBuildPhase section */
		7710CEB325AFE74E00E5D171 /* Frameworks */ = {
			isa = PBXFrameworksBuildPhase;
			buildActionMask = 2147483647;
			files = (
			);
			runOnlyForDeploymentPostprocessing = 0;
		};
		7710CEC425AFE74F00E5D171 /* Frameworks */ = {
			isa = PBXFrameworksBuildPhase;
			buildActionMask = 2147483647;
			files = (
			);
			runOnlyForDeploymentPostprocessing = 0;
		};
		7710CECF25AFE74F00E5D171 /* Frameworks */ = {
			isa = PBXFrameworksBuildPhase;
			buildActionMask = 2147483647;
			files = (
			);
			runOnlyForDeploymentPostprocessing = 0;
		};
/* End PBXFrameworksBuildPhase section */

/* Begin PBXGroup section */
		7710CEAD25AFE74E00E5D171 = {
			isa = PBXGroup;
			children = (
				7710CEB825AFE74E00E5D171 /* demo */,
				7710CECA25AFE74F00E5D171 /* demoTests */,
				7710CED525AFE74F00E5D171 /* demoUITests */,
				7710CEB725AFE74E00E5D171 /* Products */,
			);
			sourceTree = "<group>";
		};
		7710CEB725AFE74E00E5D171 /* Products */ = {
			isa = PBXGroup;
			children = (
				7710CEB625AFE74E00E5D171 /* demo.app */,
				7710CEC725AFE74F00E5D171 /* demoTests.xctest */,
				7710CED225AFE74F00E5D171 /* demoUITests.xctest */,
			);
			name = Products;
			sourceTree = "<group>";
		};
		7710CEB825AFE74E00E5D171 /* demo */ = {
			isa = PBXGroup;
			children = (
				7710CEB925AFE74E00E5D171 /* demoApp.swift */,
				7710CEBB25AFE74E00E5D171 /* ContentView.swift */,
				7710CEBD25AFE74F00E5D171 /* Assets.xcassets */,
				7710CEC225AFE74F00E5D171 /* Info.plist */,
				7710CEBF25AFE74F00E5D171 /* Preview Content */,
			);
			path = demo;
			sourceTree = "<group>";
		};
		7710CEBF25AFE74F00E5D171 /* Preview Content */ = {
			isa = PBXGroup;
			children = (
				7710CEC025AFE74F00E5D171 /* Preview Assets.xcassets */,
			);
			path = "Preview Content";
			sourceTree = "<group>";
		};
		7710CECA25AFE74F00E5D171 /* demoTests */ = {
			isa = PBXGroup;
			children = (
				7710CECB25AFE74F00E5D171 /* demoTests.swift */,
				7710CECD25AFE74F00E5D171 /* Info.plist */,
			);
			path = demoTests;
			sourceTree = "<group>";
		};
		7710CED525AFE74F00E5D171 /* demoUITests */ = {
			isa = PBXGroup;
			children = (
				7710CED625AFE74F00E5D171 /* demoUITests.swift */,
				7710CED825AFE74F00E5D171 /* Info.plist */,
			);
			path = demoUITests;
			sourceTree = "<group>";
		};
/* End PBXGroup section */

/* Begin PBXNativeTarget section */
		7710CEB525AFE74E00E5D171 /* demo */ = {
			isa = PBXNativeTarget;
			buildConfigurationList = 7710CEDB25AFE74F00E5D171 /* Build configuration list for PBXNativeTarget "demo" */;
			buildPhases = (
				7710CEB225AFE74E00E5D171 /* Sources */,
				7710CEB325AFE74E00E5D171 /* Frameworks */,
				7710CEB425AFE74E00E5D171 /* Resources */,
			);
			buildRules = (
			);
			dependencies = (
			);
			name = demo;
			productName = demo;
			productReference = 7710CEB625AFE74E00E5D171 /* demo.app */;
			productType = "com.apple.product-type.application";
		};
		7710CEC625AFE74F00E5D171 /* demoTests */ = {
			isa = PBXNativeTarget;
			buildConfigurationList = 7710CEDE25AFE74F00E5D171 /* Build configuration list for PBXNativeTarget "demoTests" */;
			buildPhases = (
				7710CEC325AFE74F00E5D171 /* Sources */,
				7710CEC425AFE74F00E5D171 /* Frameworks */,
				7710CEC525AFE74F00E5D171 /* Resources */,
			);
			buildRules = (
			);
			dependencies = (
				7710CEC925AFE74F00E5D171 /* PBXTargetDependency */,
			);
			name = demoTests;
			productName = demoTests;
			productReference = 7710CEC725AFE74F00E5D171 /* demoTests.xctest */;
			productType = "com.apple.product-type.bundle.unit-test";
		};
		7710CED125AFE74F00E5D171 /* demoUITests */ = {
			isa = PBXNativeTarget;
			buildConfigurationList = 7710CEE125AFE74F00E5D171 /* Build configuration list for PBXNativeTarget "demoUITests" */;
			buildPhases = (
				7710CECE25AFE74F00E5D171 /* Sources */,
				7710CECF25AFE74F00E5D171 /* Frameworks */,
				7710CED025AFE74F00E5D171 /* Resources */,
			);
			buildRules = (
			);
			dependencies = (
				7710CED425AFE74F00E5D171 /* PBXTargetDependency */,
			);
			name = demoUITests;
			productName = demoUITests;
			productReference = 7710CED225AFE74F00E5D171 /* demoUITests.xctest */;
			productType = "com.apple.product-type.bundle.ui-testing";
		};
/* End PBXNativeTarget section */

/* Begin PBXProject section */
		7710CEAE25AFE74E00E5D171 /* Project object */ = {
			isa = PBXProject;
			attributes = {
				LastSwiftUpdateCheck = 1230;
				LastUpgradeCheck = 1230;
				TargetAttributes = {
					7710CEB525AFE74E00E5D171 = {
						CreatedOnToolsVersion = 12.3;
					};
					7710CEC625AFE74F00E5D171 = {
						CreatedOnToolsVersion = 12.3;
						TestTargetID = 7710CEB525AFE74E00E5D171;
					};
					7710CED125AFE74F00E5D171 = {
						CreatedOnToolsVersion = 12.3;
						TestTargetID = 7710CEB525AFE74E00E5D171;
					};
				};
			};
			buildConfigurationList = 7710CEB125AFE74E00E5D171 /* Build configuration list for PBXProject "demo" */;
			compatibilityVersion = "Xcode 9.3";
			developmentRegion = en;
			hasScannedForEncodings = 0;
			knownRegions = (
				en,
				Base,
			);
			mainGroup = 7710CEAD25AFE74E00E5D171;
			productRefGroup = 7710CEB725AFE74E00E5D171 /* Products */;
			projectDirPath = "";
			projectRoot = "";
			targets = (
				7710CEB525AFE74E00E5D171 /* demo */,
				7710CEC625AFE74F00E5D171 /* demoTests */,
				7710CED125AFE74F00E5D171 /* demoUITests */,
			);
		};
/* End PBXProject section */

/* Begin PBXResourcesBuildPhase section */
		7710CEB425AFE74E00E5D171 /* Resources */ = {
			isa = PBXResourcesBuildPhase;
			buildActionMask = 2147483647;
			files = (
				7710CEC125AFE74F00E5D171 /* Preview Assets.xcassets in Resources */,
				7710CEBE25AFE74F00E5D171 /* Assets.xcassets in Resources */,
			);
			runOnlyForDeploymentPostprocessing = 0;
		};
		7710CEC525AFE74F00E5D171 /* Resources */ = {
			isa = PBXResourcesBuildPhase;
			buildActionMask = 2147483647;
			files = (
			);
			runOnlyForDeploymentPostprocessing = 0;
		};
		7710CED025AFE74F00E5D171 /* Resources */ = {
			isa = PBXResourcesBuildPhase;
			buildActionMask = 2147483647;
			files = (
			);
			runOnlyForDeploymentPostprocessing = 0;
		};
/* End PBXResourcesBuildPhase section */

/* Begin PBXSourcesBuildPhase section */
		7710CEB225AFE74E00E5D171 /* Sources */ = {
			isa = PBXSourcesBuildPhase;
			buildActionMask = 2147483647;
			files = (
				7710CEBC25AFE74E00E5D171 /* ContentView.swift in Sources */,
				7710CEBA25AFE74E00E5D171 /* demoApp.swift in Sources */,
			);
			runOnlyForDeploymentPostprocessing = 0;
		};
		7710CEC325AFE74F00E5D171 /* Sources */ = {
			isa = PBXSourcesBuildPhase;
			buildActionMask = 2147483647;
			files = (
				7710CECC25AFE74F00E5D171 /* demoTests.swift in Sources */,
			);
			runOnlyForDeploymentPostprocessing = 0;
		};
		7710CECE25AFE74F00E5D171 /* Sources */ = {
			isa = PBXSourcesBuildPhase;
			buildActionMask = 2147483647;
			files = (
				7710CED725AFE74F00E5D171 /* demoUITests.swift in Sources */,
			);
			runOnlyForDeploymentPostprocessing = 0;
		};
/* End PBXSourcesBuildPhase section */

/* Begin PBXTargetDependency section */
		7710CEC925AFE74F00E5D171 /* PBXTargetDependency */ = {
			isa = PBXTargetDependency;
			target = 7710CEB525AFE74E00E5D171 /* demo */;
			targetProxy = 7710CEC825AFE74F00E5D171 /* PBXContainerItemProxy */;
		};
		7710CED425AFE74F00E5D171 /* PBXTargetDependency */ = {
			isa = PBXTargetDependency;
			target = 7710CEB525AFE74E00E5D171 /* demo */;
			targetProxy = 7710CED325AFE74F00E5D171 /* PBXContainerItemProxy */;
		};
/* End PBXTargetDependency section */

/* Begin XCBuildConfiguration section */
		7710CED925AFE74F00E5D171 /* Debug */ = {
			isa = XCBuildConfiguration;
			buildSettings = {
				ALWAYS_SEARCH_USER_PATHS = NO;
				CLANG_ANALYZER_NONNULL = YES;
				CLANG_ANALYZER_NUMBER_OBJECT_CONVERSION = YES_AGGRESSIVE;
				CLANG_CXX_LANGUAGE_STANDARD = "gnu++14";
				CLANG_CXX_LIBRARY = "libc++";
				CLANG_ENABLE_MODULES = YES;
				CLANG_ENABLE_OBJC_ARC = YES;
				CLANG_ENABLE_OBJC_WEAK = YES;
				CLANG_WARN_BLOCK_CAPTURE_AUTORELEASING = YES;
				CLANG_WARN_BOOL_CONVERSION = YES;
				CLANG_WARN_COMMA = YES;
				CLANG_WARN_CONSTANT_CONVERSION = YES;
				CLANG_WARN_DEPRECATED_OBJC_IMPLEMENTATIONS = YES;
				CLANG_WARN_DIRECT_OBJC_ISA_USAGE = YES_ERROR;
				CLANG_WARN_DOCUMENTATION_COMMENTS = YES;
				CLANG_WARN_EMPTY_BODY = YES;
				CLANG_WARN_ENUM_CONVERSION = YES;
				CLANG_WARN_INFINITE_RECURSION = YES;
				CLANG_WARN_INT_CONVERSION = YES;
				CLANG_WARN_NON_LITERAL_NULL_CONVERSION = YES;
				CLANG_WARN_OBJC_IMPLICIT_RETAIN_SELF = YES;
				CLANG_WARN_OBJC_LITERAL_CONVERSION = YES;
				CLANG_WARN_OBJC_ROOT_CLASS = YES_ERROR;
				CLANG_WARN_QUOTED_INCLUDE_IN_FRAMEWORK_HEADER = YES;
				CLANG_WARN_RANGE_LOOP_ANALYSIS = YES;
				CLANG_WARN_STRICT_PROTOTYPES = YES;
				CLANG_WARN_SUSPICIOUS_MOVE = YES;
				CLANG_WARN_UNGUARDED_AVAILABILITY = YES_AGGRESSIVE;
				CLANG_WARN_UNREACHABLE_CODE = YES;
				CLANG_WARN__DUPLICATE_METHOD_MATCH = YES;
				COPY_PHASE_STRIP = NO;
				DEBUG_INFORMATION_FORMAT = dwarf;
				ENABLE_STRICT_OBJC_MSGSEND = YES;
				ENABLE_TESTABILITY = YES;
				GCC_C_LANGUAGE_STANDARD = gnu11;
				GCC_DYNAMIC_NO_PIC = NO;
				GCC_NO_COMMON_BLOCKS = YES;
				GCC_OPTIMIZATION_LEVEL = 0;
				GCC_PREPROCESSOR_DEFINITIONS = (
					"DEBUG=1",
					"$(inherited)",
				);
				GCC_WARN_64_TO_32_BIT_CONVERSION = YES;
				GCC_WARN_ABOUT_RETURN_TYPE = YES_ERROR;
				GCC_WARN_UNDECLARED_SELECTOR = YES;
				GCC_WARN_UNINITIALIZED_AUTOS = YES_AGGRESSIVE;
				GCC_WARN_UNUSED_FUNCTION = YES;
				GCC_WARN_UNUSED_VARIABLE = YES;
				IPHONEOS_DEPLOYMENT_TARGET = 14.3;
				MTL_ENABLE_DEBUG_INFO = INCLUDE_SOURCE;
				MTL_FAST_MATH = YES;
				ONLY_ACTIVE_ARCH = YES;
				SDKROOT = iphoneos;
				SWIFT_ACTIVE_COMPILATION_CONDITIONS = DEBUG;
				SWIFT_OPTIMIZATION_LEVEL = "-Onone";
			};
			name = Debug;
		};
		7710CEDA25AFE74F00E5D171 /* Release */ = {
			isa = XCBuildConfiguration;
			buildSettings = {
				ALWAYS_SEARCH_USER_PATHS = NO;
				CLANG_ANALYZER_NONNULL = YES;
				CLANG_ANALYZER_NUMBER_OBJECT_CONVERSION = YES_AGGRESSIVE;
				CLANG_CXX_LANGUAGE_STANDARD = "gnu++14";
				CLANG_CXX_LIBRARY = "libc++";
				CLANG_ENABLE_MODULES = YES;
				CLANG_ENABLE_OBJC_ARC = YES;
				CLANG_ENABLE_OBJC_WEAK = YES;
				CLANG_WARN_BLOCK_CAPTURE_AUTORELEASING = YES;
				CLANG_WARN_BOOL_CONVERSION = YES;
				CLANG_WARN_COMMA = YES;
				CLANG_WARN_CONSTANT_CONVERSION = YES;
				CLANG_WARN_DEPRECATED_OBJC_IMPLEMENTATIONS = YES;
				CLANG_WARN_DIRECT_OBJC_ISA_USAGE = YES_ERROR;
				CLANG_WARN_DOCUMENTATION_COMMENTS = YES;
				CLANG_WARN_EMPTY_BODY = YES;
				CLANG_WARN_ENUM_CONVERSION = YES;
				CLANG_WARN_INFINITE_RECURSION = YES;
				CLANG_WARN_INT_CONVERSION = YES;
				CLANG_WARN_NON_LITERAL_NULL_CONVERSION = YES;
				CLANG_WARN_OBJC_IMPLICIT_RETAIN_SELF = YES;
				CLANG_WARN_OBJC_LITERAL_CONVERSION = YES;
				CLANG_WARN_OBJC_ROOT_CLASS = YES_ERROR;
				CLANG_WARN_QUOTED_INCLUDE_IN_FRAMEWORK_HEADER = YES;
				CLANG_WARN_RANGE_LOOP_ANALYSIS = YES;
				CLANG_WARN_STRICT_PROTOTYPES = YES;
				CLANG_WARN_SUSPICIOUS_MOVE = YES;
				CLANG_WARN_UNGUARDED_AVAILABILITY = YES_AGGRESSIVE;
				CLANG_WARN_UNREACHABLE_CODE = YES;
				CLANG_WARN__DUPLICATE_METHOD_MATCH = YES;
				COPY_PHASE_STRIP = NO;
				DEBUG_INFORMATION_FORMAT = "dwarf-with-dsym";
				ENABLE_NS_ASSERTIONS = NO;
				ENABLE_STRICT_OBJC_MSGSEND = YES;
				GCC_C_LANGUAGE_STANDARD = gnu11;
				GCC_NO_COMMON_BLOCKS = YES;
				GCC_WARN_64_TO_32_BIT_CONVERSION = YES;
				GCC_WARN_ABOUT_RETURN_TYPE = YES_ERROR;
				GCC_WARN_UNDECLARED_SELECTOR = YES;
				GCC_WARN_UNINITIALIZED_AUTOS = YES_AGGRESSIVE;
				GCC_WARN_UNUSED_FUNCTION = YES;
				GCC_WARN_UNUSED_VARIABLE = YES;
				IPHONEOS_DEPLOYMENT_TARGET = 14.3;
				MTL_ENABLE_DEBUG_INFO = NO;
				MTL_FAST_MATH = YES;
				SDKROOT = iphoneos;
				SWIFT_COMPILATION_MODE = wholemodule;
				SWIFT_OPTIMIZATION_LEVEL = "-O";
				VALIDATE_PRODUCT = YES;
			};
			name = Release;
		};
		7710CEDC25AFE74F00E5D171 /* Debug */ = {
			isa = XCBuildConfiguration;
			buildSettings = {
				ASSETCATALOG_COMPILER_APPICON_NAME = AppIcon;
				ASSETCATALOG_COMPILER_GLOBAL_ACCENT_COLOR_NAME = AccentColor;
				CODE_SIGN_STYLE = Automatic;
				DEVELOPMENT_ASSET_PATHS = "\"demo/Preview Content\"";
				DEVELOPMENT_TEAM = M54L47LT98;
				ENABLE_PREVIEWS = YES;
				INFOPLIST_FILE = demo/Info.plist;
				IPHONEOS_DEPLOYMENT_TARGET = 14.0;
				LD_RUNPATH_SEARCH_PATHS = (
					"$(inherited)",
					"@executable_path/Frameworks",
				);
				PRODUCT_BUNDLE_IDENTIFIER = com.tencent.weapps1;
				PRODUCT_NAME = "$(TARGET_NAME)";
				SWIFT_VERSION = 5.0;
				TARGETED_DEVICE_FAMILY = "1,2";
			};
			name = Debug;
		};
		7710CEDD25AFE74F00E5D171 /* Release */ = {
			isa = XCBuildConfiguration;
			buildSettings = {
				ASSETCATALOG_COMPILER_APPICON_NAME = AppIcon;
				ASSETCATALOG_COMPILER_GLOBAL_ACCENT_COLOR_NAME = AccentColor;
				CODE_SIGN_STYLE = Automatic;
				DEVELOPMENT_ASSET_PATHS = "\"demo/Preview Content\"";
				DEVELOPMENT_TEAM = M54L47LT98;
				ENABLE_PREVIEWS = YES;
				INFOPLIST_FILE = demo/Info.plist;
				IPHONEOS_DEPLOYMENT_TARGET = 14.0;
				LD_RUNPATH_SEARCH_PATHS = (
					"$(inherited)",
					"@executable_path/Frameworks",
				);
				PRODUCT_BUNDLE_IDENTIFIER = com.tencent.weapps1;
				PRODUCT_NAME = "$(TARGET_NAME)";
				SWIFT_VERSION = 5.0;
				TARGETED_DEVICE_FAMILY = "1,2";
			};
			name = Release;
		};
		7710CEDF25AFE74F00E5D171 /* Debug */ = {
			isa = XCBuildConfiguration;
			buildSettings = {
				ALWAYS_EMBED_SWIFT_STANDARD_LIBRARIES = YES;
				BUNDLE_LOADER = "$(TEST_HOST)";
				CODE_SIGN_STYLE = Automatic;
				INFOPLIST_FILE = demoTests/Info.plist;
				IPHONEOS_DEPLOYMENT_TARGET = 14.0;
				LD_RUNPATH_SEARCH_PATHS = (
					"$(inherited)",
					"@executable_path/Frameworks",
					"@loader_path/Frameworks",
				);
				PRODUCT_BUNDLE_IDENTIFIER = com.gj.demoTests;
				PRODUCT_NAME = "$(TARGET_NAME)";
				SWIFT_VERSION = 5.0;
				TARGETED_DEVICE_FAMILY = "1,2";
				TEST_HOST = "$(BUILT_PRODUCTS_DIR)/demo.app/demo";
			};
			name = Debug;
		};
		7710CEE025AFE74F00E5D171 /* Release */ = {
			isa = XCBuildConfiguration;
			buildSettings = {
				ALWAYS_EMBED_SWIFT_STANDARD_LIBRARIES = YES;
				BUNDLE_LOADER = "$(TEST_HOST)";
				CODE_SIGN_STYLE = Automatic;
				INFOPLIST_FILE = demoTests/Info.plist;
				IPHONEOS_DEPLOYMENT_TARGET = 14.0;
				LD_RUNPATH_SEARCH_PATHS = (
					"$(inherited)",
					"@executable_path/Frameworks",
					"@loader_path/Frameworks",
				);
				PRODUCT_BUNDLE_IDENTIFIER = com.gj.demoTests;
				PRODUCT_NAME = "$(TARGET_NAME)";
				SWIFT_VERSION = 5.0;
				TARGETED_DEVICE_FAMILY = "1,2";
				TEST_HOST = "$(BUILT_PRODUCTS_DIR)/demo.app/demo";
			};
			name = Release;
		};
		7710CEE225AFE74F00E5D171 /* Debug */ = {
			isa = XCBuildConfiguration;
			buildSettings = {
				ALWAYS_EMBED_SWIFT_STANDARD_LIBRARIES = YES;
				CODE_SIGN_STYLE = Automatic;
				INFOPLIST_FILE = demoUITests/Info.plist;
				LD_RUNPATH_SEARCH_PATHS = (
					"$(inherited)",
					"@executable_path/Frameworks",
					"@loader_path/Frameworks",
				);
				PRODUCT_BUNDLE_IDENTIFIER = com.gj.demoUITests;
				PRODUCT_NAME = "$(TARGET_NAME)";
				SWIFT_VERSION = 5.0;
				TARGETED_DEVICE_FAMILY = "1,2";
				TEST_TARGET_NAME = demo;
			};
			name = Debug;
		};
		7710CEE325AFE74F00E5D171 /* Release */ = {
			isa = XCBuildConfiguration;
			buildSettings = {
				ALWAYS_EMBED_SWIFT_STANDARD_LIBRARIES = YES;
				CODE_SIGN_STYLE = Automatic;
				INFOPLIST_FILE = demoUITests/Info.plist;
				LD_RUNPATH_SEARCH_PATHS = (
					"$(inherited)",
					"@executable_path/Frameworks",
					"@loader_path/Frameworks",
				);
				PRODUCT_BUNDLE_IDENTIFIER = com.gj.demoUITests;
				PRODUCT_NAME = "$(TARGET_NAME)";
				SWIFT_VERSION = 5.0;
				TARGETED_DEVICE_FAMILY = "1,2";
				TEST_TARGET_NAME = demo;
			};
			name = Release;
		};
/* End XCBuildConfiguration section */

/* Begin XCConfigurationList section */
		7710CEB125AFE74E00E5D171 /* Build configuration list for PBXProject "demo" */ = {
			isa = XCConfigurationList;
			buildConfigurations = (
				7710CED925AFE74F00E5D171 /* Debug */,
				7710CEDA25AFE74F00E5D171 /* Release */,
			);
			defaultConfigurationIsVisible = 0;
			defaultConfigurationName = Release;
		};
		7710CEDB25AFE74F00E5D171 /* Build configuration list for PBXNativeTarget "demo" */ = {
			isa = XCConfigurationList;
			buildConfigurations = (
				7710CEDC25AFE74F00E5D171 /* Debug */,
				7710CEDD25AFE74F00E5D171 /* Release */,
			);
			defaultConfigurationIsVisible = 0;
			defaultConfigurationName = Release;
		};
		7710CEDE25AFE74F00E5D171 /* Build configuration list for PBXNativeTarget "demoTests" */ = {
			isa = XCConfigurationList;
			buildConfigurations = (
				7710CEDF25AFE74F00E5D171 /* Debug */,
				7710CEE025AFE74F00E5D171 /* Release */,
			);
			defaultConfigurationIsVisible = 0;
			defaultConfigurationName = Release;
		};
		7710CEE125AFE74F00E5D171 /* Build configuration list for PBXNativeTarget "demoUITests" */ = {
			isa = XCConfigurationList;
			buildConfigurations = (
				7710CEE225AFE74F00E5D171 /* Debug */,
				7710CEE325AFE74F00E5D171 /* Release */,
			);
			defaultConfigurationIsVisible = 0;
			defaultConfigurationName = Release;
		};
/* End XCConfigurationList section */
	};
	rootObject = 7710CEAE25AFE74E00E5D171 /* Project object */;
}
